// !$*UTF8*$!
{
	archiveVersion = 1;
	classes = {
	};
	objectVersion = 77;
	objects = {

/* Begin PBXContainerItemProxy section */
		7A3BFCE32D04259400CFDC26 /* PBXContainerItemProxy */ = {
			isa = PBXContainerItemProxy;
			containerPortal = 7A3BFCCA2D04259300CFDC26 /* Project object */;
			proxyType = 1;
			remoteGlobalIDString = 7A3BFCD12D04259300CFDC26;
			remoteInfo = CoachSpace;
		};
		7A3BFCED2D04259400CFDC26 /* PBXContainerItemProxy */ = {
			isa = PBXContainerItemProxy;
			containerPortal = 7A3BFCCA2D04259300CFDC26 /* Project object */;
			proxyType = 1;
			remoteGlobalIDString = 7A3BFCD12D04259300CFDC26;
			remoteInfo = CoachSpace;
		};
/* End PBXContainerItemProxy section */

/* Begin PBXFileReference section */
		7A3BFCD22D04259300CFDC26 /* CoachSpace.app */ = {isa = PBXFileReference; explicitFileType = wrapper.application; includeInIndex = 0; path = CoachSpace.app; sourceTree = BUILT_PRODUCTS_DIR; };
		7A3BFCE22D04259400CFDC26 /* CoachSpaceTests.xctest */ = {isa = PBXFileReference; explicitFileType = wrapper.cfbundle; includeInIndex = 0; path = CoachSpaceTests.xctest; sourceTree = BUILT_PRODUCTS_DIR; };
		7A3BFCEC2D04259400CFDC26 /* CoachSpaceUITests.xctest */ = {isa = PBXFileReference; explicitFileType = wrapper.cfbundle; includeInIndex = 0; path = CoachSpaceUITests.xctest; sourceTree = BUILT_PRODUCTS_DIR; };
/* End PBXFileReference section */

/* Begin PBXFileSystemSynchronizedRootGroup section */
		7A3BFCD42D04259300CFDC26 /* CoachSpace */ = {
			isa = PBXFileSystemSynchronizedRootGroup;
			path = CoachSpace;
			sourceTree = "<group>";
		};
		7A3BFCE52D04259400CFDC26 /* CoachSpaceTests */ = {
			isa = PBXFileSystemSynchronizedRootGroup;
			path = CoachSpaceTests;
			sourceTree = "<group>";
		};
		7A3BFCEF2D04259400CFDC26 /* CoachSpaceUITests */ = {
			isa = PBXFileSystemSynchronizedRootGroup;
			path = CoachSpaceUITests;
			sourceTree = "<group>";
		};
/* End PBXFileSystemSynchronizedRootGroup section */

/* Begin PBXFrameworksBuildPhase section */
		7A3BFCCF2D04259300CFDC26 /* Frameworks */ = {
			isa = PBXFrameworksBuildPhase;
			buildActionMask = 2147483647;
			files = (
			);
			runOnlyForDeploymentPostprocessing = 0;
		};
		7A3BFCDF2D04259400CFDC26 /* Frameworks */ = {
			isa = PBXFrameworksBuildPhase;
			buildActionMask = 2147483647;
			files = (
			);
			runOnlyForDeploymentPostprocessing = 0;
		};
		7A3BFCE92D04259400CFDC26 /* Frameworks */ = {
			isa = PBXFrameworksBuildPhase;
			buildActionMask = 2147483647;
			files = (
			);
			runOnlyForDeploymentPostprocessing = 0;
		};
/* End PBXFrameworksBuildPhase section */

/* Begin PBXGroup section */
		7A3BFCC92D04259300CFDC26 = {
			isa = PBXGroup;
			children = (
				7A3BFCD42D04259300CFDC26 /* CoachSpace */,
				7A3BFCE52D04259400CFDC26 /* CoachSpaceTests */,
				7A3BFCEF2D04259400CFDC26 /* CoachSpaceUITests */,
				7A3BFCD32D04259300CFDC26 /* Products */,
			);
			sourceTree = "<group>";
		};
		7A3BFCD32D04259300CFDC26 /* Products */ = {
			isa = PBXGroup;
			children = (
				7A3BFCD22D04259300CFDC26 /* CoachSpace.app */,
				7A3BFCE22D04259400CFDC26 /* CoachSpaceTests.xctest */,
				7A3BFCEC2D04259400CFDC26 /* CoachSpaceUITests.xctest */,
			);
			name = Products;
			sourceTree = "<group>";
		};
/* End PBXGroup section */

/* Begin PBXNativeTarget section */
		7A3BFCD12D04259300CFDC26 /* CoachSpace */ = {
			isa = PBXNativeTarget;
			buildConfigurationList = 7A3BFCF62D04259400CFDC26 /* Build configuration list for PBXNativeTarget "CoachSpace" */;
			buildPhases = (
				7A3BFCCE2D04259300CFDC26 /* Sources */,
				7A3BFCCF2D04259300CFDC26 /* Frameworks */,
				7A3BFCD02D04259300CFDC26 /* Resources */,
			);
			buildRules = (
			);
			dependencies = (
			);
			fileSystemSynchronizedGroups = (
				7A3BFCD42D04259300CFDC26 /* CoachSpace */,
			);
			name = CoachSpace;
			packageProductDependencies = (
			);
			productName = CoachSpace;
			productReference = 7A3BFCD22D04259300CFDC26 /* CoachSpace.app */;
			productType = "com.apple.product-type.application";
		};
		7A3BFCE12D04259400CFDC26 /* CoachSpaceTests */ = {
			isa = PBXNativeTarget;
			buildConfigurationList = 7A3BFCF92D04259400CFDC26 /* Build configuration list for PBXNativeTarget "CoachSpaceTests" */;
			buildPhases = (
				7A3BFCDE2D04259400CFDC26 /* Sources */,
				7A3BFCDF2D04259400CFDC26 /* Frameworks */,
				7A3BFCE02D04259400CFDC26 /* Resources */,
			);
			buildRules = (
			);
			dependencies = (
				7A3BFCE42D04259400CFDC26 /* PBXTargetDependency */,
			);
			fileSystemSynchronizedGroups = (
				7A3BFCE52D04259400CFDC26 /* CoachSpaceTests */,
			);
			name = CoachSpaceTests;
			packageProductDependencies = (
			);
			productName = CoachSpaceTests;
			productReference = 7A3BFCE22D04259400CFDC26 /* CoachSpaceTests.xctest */;
			productType = "com.apple.product-type.bundle.unit-test";
		};
		7A3BFCEB2D04259400CFDC26 /* CoachSpaceUITests */ = {
			isa = PBXNativeTarget;
			buildConfigurationList = 7A3BFCFC2D04259400CFDC26 /* Build configuration list for PBXNativeTarget "CoachSpaceUITests" */;
			buildPhases = (
				7A3BFCE82D04259400CFDC26 /* Sources */,
				7A3BFCE92D04259400CFDC26 /* Frameworks */,
				7A3BFCEA2D04259400CFDC26 /* Resources */,
			);
			buildRules = (
			);
			dependencies = (
				7A3BFCEE2D04259400CFDC26 /* PBXTargetDependency */,
			);
			fileSystemSynchronizedGroups = (
				7A3BFCEF2D04259400CFDC26 /* CoachSpaceUITests */,
			);
			name = CoachSpaceUITests;
			packageProductDependencies = (
			);
			productName = CoachSpaceUITests;
			productReference = 7A3BFCEC2D04259400CFDC26 /* CoachSpaceUITests.xctest */;
			productType = "com.apple.product-type.bundle.ui-testing";
		};
/* End PBXNativeTarget section */

/* Begin PBXProject section */
		7A3BFCCA2D04259300CFDC26 /* Project object */ = {
			isa = PBXProject;
			attributes = {
				BuildIndependentTargetsInParallel = 1;
				LastSwiftUpdateCheck = 1610;
				LastUpgradeCheck = 1610;
				TargetAttributes = {
					7A3BFCD12D04259300CFDC26 = {
						CreatedOnToolsVersion = 16.1;
					};
					7A3BFCE12D04259400CFDC26 = {
						CreatedOnToolsVersion = 16.1;
						TestTargetID = 7A3BFCD12D04259300CFDC26;
					};
					7A3BFCEB2D04259400CFDC26 = {
						CreatedOnToolsVersion = 16.1;
						TestTargetID = 7A3BFCD12D04259300CFDC26;
					};
				};
			};
			buildConfigurationList = 7A3BFCCD2D04259300CFDC26 /* Build configuration list for PBXProject "CoachSpace" */;
			developmentRegion = en;
			hasScannedForEncodings = 0;
			knownRegions = (
				en,
				Base,
			);
			mainGroup = 7A3BFCC92D04259300CFDC26;
			minimizedProjectReferenceProxies = 1;
			preferredProjectObjectVersion = 77;
			productRefGroup = 7A3BFCD32D04259300CFDC26 /* Products */;
			projectDirPath = "";
			projectRoot = "";
			targets = (
				7A3BFCD12D04259300CFDC26 /* CoachSpace */,
				7A3BFCE12D04259400CFDC26 /* CoachSpaceTests */,
				7A3BFCEB2D04259400CFDC26 /* CoachSpaceUITests */,
			);
		};
/* End PBXProject section */

/* Begin PBXResourcesBuildPhase section */
		7A3BFCD02D04259300CFDC26 /* Resources */ = {
			isa = PBXResourcesBuildPhase;
			buildActionMask = 2147483647;
			files = (
			);
			runOnlyForDeploymentPostprocessing = 0;
		};
		7A3BFCE02D04259400CFDC26 /* Resources */ = {
			isa = PBXResourcesBuildPhase;
			buildActionMask = 2147483647;
			files = (
			);
			runOnlyForDeploymentPostprocessing = 0;
		};
		7A3BFCEA2D04259400CFDC26 /* Resources */ = {
			isa = PBXResourcesBuildPhase;
			buildActionMask = 2147483647;
			files = (
			);
			runOnlyForDeploymentPostprocessing = 0;
		};
/* End PBXResourcesBuildPhase section */

/* Begin PBXSourcesBuildPhase section */
		7A3BFCCE2D04259300CFDC26 /* Sources */ = {
			isa = PBXSourcesBuildPhase;
			buildActionMask = 2147483647;
			files = (
			);
			runOnlyForDeploymentPostprocessing = 0;
		};
		7A3BFCDE2D04259400CFDC26 /* Sources */ = {
			isa = PBXSourcesBuildPhase;
			buildActionMask = 2147483647;
			files = (
			);
			runOnlyForDeploymentPostprocessing = 0;
		};
		7A3BFCE82D04259400CFDC26 /* Sources */ = {
			isa = PBXSourcesBuildPhase;
			buildActionMask = 2147483647;
			files = (
			);
			runOnlyForDeploymentPostprocessing = 0;
		};
/* End PBXSourcesBuildPhase section */

/* Begin PBXTargetDependency section */
		7A3BFCE42D04259400CFDC26 /* PBXTargetDependency */ = {
			isa = PBXTargetDependency;
			target = 7A3BFCD12D04259300CFDC26 /* CoachSpace */;
			targetProxy = 7A3BFCE32D04259400CFDC26 /* PBXContainerItemProxy */;
		};
		7A3BFCEE2D04259400CFDC26 /* PBXTargetDependency */ = {
			isa = PBXTargetDependency;
			target = 7A3BFCD12D04259300CFDC26 /* CoachSpace */;
			targetProxy = 7A3BFCED2D04259400CFDC26 /* PBXContainerItemProxy */;
		};
/* End PBXTargetDependency section */

/* Begin XCBuildConfiguration section */
		7A3BFCF42D04259400CFDC26 /* Debug */ = {
			isa = XCBuildConfiguration;
			buildSettings = {
				ALWAYS_SEARCH_USER_PATHS = NO;
				ASSETCATALOG_COMPILER_GENERATE_SWIFT_ASSET_SYMBOL_EXTENSIONS = YES;
				CLANG_ANALYZER_NONNULL = YES;
				CLANG_ANALYZER_NUMBER_OBJECT_CONVERSION = YES_AGGRESSIVE;
				CLANG_CXX_LANGUAGE_STANDARD = "gnu++20";
				CLANG_ENABLE_MODULES = YES;
				CLANG_ENABLE_OBJC_ARC = YES;
				CLANG_ENABLE_OBJC_WEAK = YES;
				CLANG_WARN_BLOCK_CAPTURE_AUTORELEASING = YES;
				CLANG_WARN_BOOL_CONVERSION = YES;
				CLANG_WARN_COMMA = YES;
				CLANG_WARN_CONSTANT_CONVERSION = YES;
				CLANG_WARN_DEPRECATED_OBJC_IMPLEMENTATIONS = YES;
				CLANG_WARN_DIRECT_OBJC_ISA_USAGE = YES_ERROR;
				CLANG_WARN_DOCUMENTATION_COMMENTS = YES;
				CLANG_WARN_EMPTY_BODY = YES;
				CLANG_WARN_ENUM_CONVERSION = YES;
				CLANG_WARN_INFINITE_RECURSION = YES;
				CLANG_WARN_INT_CONVERSION = YES;
				CLANG_WARN_NON_LITERAL_NULL_CONVERSION = YES;
				CLANG_WARN_OBJC_IMPLICIT_RETAIN_SELF = YES;
				CLANG_WARN_OBJC_LITERAL_CONVERSION = YES;
				CLANG_WARN_OBJC_ROOT_CLASS = YES_ERROR;
				CLANG_WARN_QUOTED_INCLUDE_IN_FRAMEWORK_HEADER = YES;
				CLANG_WARN_RANGE_LOOP_ANALYSIS = YES;
				CLANG_WARN_STRICT_PROTOTYPES = YES;
				CLANG_WARN_SUSPICIOUS_MOVE = YES;
				CLANG_WARN_UNGUARDED_AVAILABILITY = YES_AGGRESSIVE;
				CLANG_WARN_UNREACHABLE_CODE = YES;
				CLANG_WARN__DUPLICATE_METHOD_MATCH = YES;
				COPY_PHASE_STRIP = NO;
				DEBUG_INFORMATION_FORMAT = dwarf;
				ENABLE_STRICT_OBJC_MSGSEND = YES;
				ENABLE_TESTABILITY = YES;
				ENABLE_USER_SCRIPT_SANDBOXING = YES;
				GCC_C_LANGUAGE_STANDARD = gnu17;
				GCC_DYNAMIC_NO_PIC = NO;
				GCC_NO_COMMON_BLOCKS = YES;
				GCC_OPTIMIZATION_LEVEL = 0;
				GCC_PREPROCESSOR_DEFINITIONS = (
					"DEBUG=1",
					"$(inherited)",
				);
				GCC_WARN_64_TO_32_BIT_CONVERSION = YES;
				GCC_WARN_ABOUT_RETURN_TYPE = YES_ERROR;
				GCC_WARN_UNDECLARED_SELECTOR = YES;
				GCC_WARN_UNINITIALIZED_AUTOS = YES_AGGRESSIVE;
				GCC_WARN_UNUSED_FUNCTION = YES;
				GCC_WARN_UNUSED_VARIABLE = YES;
				IPHONEOS_DEPLOYMENT_TARGET = 18.1;
				LOCALIZATION_PREFERS_STRING_CATALOGS = YES;
				MTL_ENABLE_DEBUG_INFO = INCLUDE_SOURCE;
				MTL_FAST_MATH = YES;
				ONLY_ACTIVE_ARCH = YES;
				SDKROOT = iphoneos;
				SWIFT_ACTIVE_COMPILATION_CONDITIONS = "DEBUG $(inherited)";
				SWIFT_OPTIMIZATION_LEVEL = "-Onone";
			};
			name = Debug;
		};
		7A3BFCF52D04259400CFDC26 /* Release */ = {
			isa = XCBuildConfiguration;
			buildSettings = {
				ALWAYS_SEARCH_USER_PATHS = NO;
				ASSETCATALOG_COMPILER_GENERATE_SWIFT_ASSET_SYMBOL_EXTENSIONS = YES;
				CLANG_ANALYZER_NONNULL = YES;
				CLANG_ANALYZER_NUMBER_OBJECT_CONVERSION = YES_AGGRESSIVE;
				CLANG_CXX_LANGUAGE_STANDARD = "gnu++20";
				CLANG_ENABLE_MODULES = YES;
				CLANG_ENABLE_OBJC_ARC = YES;
				CLANG_ENABLE_OBJC_WEAK = YES;
				CLANG_WARN_BLOCK_CAPTURE_AUTORELEASING = YES;
				CLANG_WARN_BOOL_CONVERSION = YES;
				CLANG_WARN_COMMA = YES;
				CLANG_WARN_CONSTANT_CONVERSION = YES;
				CLANG_WARN_DEPRECATED_OBJC_IMPLEMENTATIONS = YES;
				CLANG_WARN_DIRECT_OBJC_ISA_USAGE = YES_ERROR;
				CLANG_WARN_DOCUMENTATION_COMMENTS = YES;
				CLANG_WARN_EMPTY_BODY = YES;
				CLANG_WARN_ENUM_CONVERSION = YES;
				CLANG_WARN_INFINITE_RECURSION = YES;
				CLANG_WARN_INT_CONVERSION = YES;
				CLANG_WARN_NON_LITERAL_NULL_CONVERSION = YES;
				CLANG_WARN_OBJC_IMPLICIT_RETAIN_SELF = YES;
				CLANG_WARN_OBJC_LITERAL_CONVERSION = YES;
				CLANG_WARN_OBJC_ROOT_CLASS = YES_ERROR;
				CLANG_WARN_QUOTED_INCLUDE_IN_FRAMEWORK_HEADER = YES;
				CLANG_WARN_RANGE_LOOP_ANALYSIS = YES;
				CLANG_WARN_STRICT_PROTOTYPES = YES;
				CLANG_WARN_SUSPICIOUS_MOVE = YES;
				CLANG_WARN_UNGUARDED_AVAILABILITY = YES_AGGRESSIVE;
				CLANG_WARN_UNREACHABLE_CODE = YES;
				CLANG_WARN__DUPLICATE_METHOD_MATCH = YES;
				COPY_PHASE_STRIP = NO;
				DEBUG_INFORMATION_FORMAT = "dwarf-with-dsym";
				ENABLE_NS_ASSERTIONS = NO;
				ENABLE_STRICT_OBJC_MSGSEND = YES;
				ENABLE_USER_SCRIPT_SANDBOXING = YES;
				GCC_C_LANGUAGE_STANDARD = gnu17;
				GCC_NO_COMMON_BLOCKS = YES;
				GCC_WARN_64_TO_32_BIT_CONVERSION = YES;
				GCC_WARN_ABOUT_RETURN_TYPE = YES_ERROR;
				GCC_WARN_UNDECLARED_SELECTOR = YES;
				GCC_WARN_UNINITIALIZED_AUTOS = YES_AGGRESSIVE;
				GCC_WARN_UNUSED_FUNCTION = YES;
				GCC_WARN_UNUSED_VARIABLE = YES;
				IPHONEOS_DEPLOYMENT_TARGET = 18.1;
				LOCALIZATION_PREFERS_STRING_CATALOGS = YES;
				MTL_ENABLE_DEBUG_INFO = NO;
				MTL_FAST_MATH = YES;
				SDKROOT = iphoneos;
				SWIFT_COMPILATION_MODE = wholemodule;
				VALIDATE_PRODUCT = YES;
			};
			name = Release;
		};
		7A3BFCF72D04259400CFDC26 /* Debug */ = {
			isa = XCBuildConfiguration;
			buildSettings = {
				ASSETCATALOG_COMPILER_APPICON_NAME = AppIcon;
				ASSETCATALOG_COMPILER_GLOBAL_ACCENT_COLOR_NAME = AccentColor;
				CODE_SIGN_STYLE = Automatic;
				CURRENT_PROJECT_VERSION = 1;
				DEVELOPMENT_ASSET_PATHS = "\"CoachSpace/Preview Content\"";
				DEVELOPMENT_TEAM = YLCD4PD224;
				ENABLE_PREVIEWS = YES;
				GENERATE_INFOPLIST_FILE = YES;
				INFOPLIST_KEY_UIApplicationSceneManifest_Generation = YES;
				INFOPLIST_KEY_UIApplicationSupportsIndirectInputEvents = YES;
				INFOPLIST_KEY_UILaunchScreen_Generation = YES;
				INFOPLIST_KEY_UISupportedInterfaceOrientations_iPad = "UIInterfaceOrientationPortrait UIInterfaceOrientationPortraitUpsideDown UIInterfaceOrientationLandscapeLeft UIInterfaceOrientationLandscapeRight";
				INFOPLIST_KEY_UISupportedInterfaceOrientations_iPhone = "UIInterfaceOrientationPortrait UIInterfaceOrientationLandscapeLeft UIInterfaceOrientationLandscapeRight";
				LD_RUNPATH_SEARCH_PATHS = (
					"$(inherited)",
					"@executable_path/Frameworks",
				);
				MARKETING_VERSION = 1.0;
				PRODUCT_BUNDLE_IDENTIFIER = CoachSpace.CoachSpace;
				PRODUCT_NAME = "$(TARGET_NAME)";
				SWIFT_EMIT_LOC_STRINGS = YES;
				SWIFT_VERSION = 5.0;
				TARGETED_DEVICE_FAMILY = "1,2";
			};
			name = Debug;
		};
		7A3BFCF82D04259400CFDC26 /* Release */ = {
			isa = XCBuildConfiguration;
			buildSettings = {
				ASSETCATALOG_COMPILER_APPICON_NAME = AppIcon;
				ASSETCATALOG_COMPILER_GLOBAL_ACCENT_COLOR_NAME = AccentColor;
				CODE_SIGN_STYLE = Automatic;
				CURRENT_PROJECT_VERSION = 1;
				DEVELOPMENT_ASSET_PATHS = "\"CoachSpace/Preview Content\"";
				DEVELOPMENT_TEAM = YLCD4PD224;
				ENABLE_PREVIEWS = YES;
				GENERATE_INFOPLIST_FILE = YES;
				INFOPLIST_KEY_UIApplicationSceneManifest_Generation = YES;
				INFOPLIST_KEY_UIApplicationSupportsIndirectInputEvents = YES;
				INFOPLIST_KEY_UILaunchScreen_Generation = YES;
				INFOPLIST_KEY_UISupportedInterfaceOrientations_iPad = "UIInterfaceOrientationPortrait UIInterfaceOrientationPortraitUpsideDown UIInterfaceOrientationLandscapeLeft UIInterfaceOrientationLandscapeRight";
				INFOPLIST_KEY_UISupportedInterfaceOrientations_iPhone = "UIInterfaceOrientationPortrait UIInterfaceOrientationLandscapeLeft UIInterfaceOrientationLandscapeRight";
				LD_RUNPATH_SEARCH_PATHS = (
					"$(inherited)",
					"@executable_path/Frameworks",
				);
				MARKETING_VERSION = 1.0;
				PRODUCT_BUNDLE_IDENTIFIER = CoachSpace.CoachSpace;
				PRODUCT_NAME = "$(TARGET_NAME)";
				SWIFT_EMIT_LOC_STRINGS = YES;
				SWIFT_VERSION = 5.0;
				TARGETED_DEVICE_FAMILY = "1,2";
			};
			name = Release;
		};
		7A3BFCFA2D04259400CFDC26 /* Debug */ = {
			isa = XCBuildConfiguration;
			buildSettings = {
				BUNDLE_LOADER = "$(TEST_HOST)";
				CODE_SIGN_STYLE = Automatic;
				CURRENT_PROJECT_VERSION = 1;
				DEVELOPMENT_TEAM = YLCD4PD224;
				GENERATE_INFOPLIST_FILE = YES;
				IPHONEOS_DEPLOYMENT_TARGET = 18.1;
				MARKETING_VERSION = 1.0;
				PRODUCT_BUNDLE_IDENTIFIER = CoachSpace.CoachSpaceTests;
				PRODUCT_NAME = "$(TARGET_NAME)";
				SWIFT_EMIT_LOC_STRINGS = NO;
				SWIFT_VERSION = 5.0;
				TARGETED_DEVICE_FAMILY = "1,2";
				TEST_HOST = "$(BUILT_PRODUCTS_DIR)/CoachSpace.app/$(BUNDLE_EXECUTABLE_FOLDER_PATH)/CoachSpace";
			};
			name = Debug;
		};
		7A3BFCFB2D04259400CFDC26 /* Release */ = {
			isa = XCBuildConfiguration;
			buildSettings = {
				BUNDLE_LOADER = "$(TEST_HOST)";
				CODE_SIGN_STYLE = Automatic;
				CURRENT_PROJECT_VERSION = 1;
				DEVELOPMENT_TEAM = YLCD4PD224;
				GENERATE_INFOPLIST_FILE = YES;
				IPHONEOS_DEPLOYMENT_TARGET = 18.1;
				MARKETING_VERSION = 1.0;
				PRODUCT_BUNDLE_IDENTIFIER = CoachSpace.CoachSpaceTests;
				PRODUCT_NAME = "$(TARGET_NAME)";
				SWIFT_EMIT_LOC_STRINGS = NO;
				SWIFT_VERSION = 5.0;
				TARGETED_DEVICE_FAMILY = "1,2";
				TEST_HOST = "$(BUILT_PRODUCTS_DIR)/CoachSpace.app/$(BUNDLE_EXECUTABLE_FOLDER_PATH)/CoachSpace";
			};
			name = Release;
		};
		7A3BFCFD2D04259400CFDC26 /* Debug */ = {
			isa = XCBuildConfiguration;
			buildSettings = {
				CODE_SIGN_STYLE = Automatic;
				CURRENT_PROJECT_VERSION = 1;
				DEVELOPMENT_TEAM = YLCD4PD224;
				GENERATE_INFOPLIST_FILE = YES;
				MARKETING_VERSION = 1.0;
				PRODUCT_BUNDLE_IDENTIFIER = CoachSpace.CoachSpaceUITests;
				PRODUCT_NAME = "$(TARGET_NAME)";
				SWIFT_EMIT_LOC_STRINGS = NO;
				SWIFT_VERSION = 5.0;
				TARGETED_DEVICE_FAMILY = "1,2";
				TEST_TARGET_NAME = CoachSpace;
			};
			name = Debug;
		};
		7A3BFCFE2D04259400CFDC26 /* Release */ = {
			isa = XCBuildConfiguration;
			buildSettings = {
				CODE_SIGN_STYLE = Automatic;
				CURRENT_PROJECT_VERSION = 1;
				DEVELOPMENT_TEAM = YLCD4PD224;
				GENERATE_INFOPLIST_FILE = YES;
				MARKETING_VERSION = 1.0;
				PRODUCT_BUNDLE_IDENTIFIER = CoachSpace.CoachSpaceUITests;
				PRODUCT_NAME = "$(TARGET_NAME)";
				SWIFT_EMIT_LOC_STRINGS = NO;
				SWIFT_VERSION = 5.0;
				TARGETED_DEVICE_FAMILY = "1,2";
				TEST_TARGET_NAME = CoachSpace;
			};
			name = Release;
		};
/* End XCBuildConfiguration section */

/* Begin XCConfigurationList section */
		7A3BFCCD2D04259300CFDC26 /* Build configuration list for PBXProject "CoachSpace" */ = {
			isa = XCConfigurationList;
			buildConfigurations = (
				7A3BFCF42D04259400CFDC26 /* Debug */,
				7A3BFCF52D04259400CFDC26 /* Release */,
			);
			defaultConfigurationIsVisible = 0;
			defaultConfigurationName = Release;
		};
		7A3BFCF62D04259400CFDC26 /* Build configuration list for PBXNativeTarget "CoachSpace" */ = {
			isa = XCConfigurationList;
			buildConfigurations = (
				7A3BFCF72D04259400CFDC26 /* Debug */,
				7A3BFCF82D04259400CFDC26 /* Release */,
			);
			defaultConfigurationIsVisible = 0;
			defaultConfigurationName = Release;
		};
		7A3BFCF92D04259400CFDC26 /* Build configuration list for PBXNativeTarget "CoachSpaceTests" */ = {
			isa = XCConfigurationList;
			buildConfigurations = (
				7A3BFCFA2D04259400CFDC26 /* Debug */,
				7A3BFCFB2D04259400CFDC26 /* Release */,
			);
			defaultConfigurationIsVisible = 0;
			defaultConfigurationName = Release;
		};
		7A3BFCFC2D04259400CFDC26 /* Build configuration list for PBXNativeTarget "CoachSpaceUITests" */ = {
			isa = XCConfigurationList;
			buildConfigurations = (
				7A3BFCFD2D04259400CFDC26 /* Debug */,
				7A3BFCFE2D04259400CFDC26 /* Release */,
			);
			defaultConfigurationIsVisible = 0;
			defaultConfigurationName = Release;
		};
/* End XCConfigurationList section */
	};
	rootObject = 7A3BFCCA2D04259300CFDC26 /* Project object */;
}
